
Microsoft Visual Studio Solution File, Format Version 12.00
# Visual Studio Version 16
VisualStudioVersion = 16.0.31129.286
MinimumVisualStudioVersion = 10.0.40219.1
Project("{9A19103F-16F7-4668-BE54-9A1E7A4F7556}") = "CountRepeatedWords", "CountRepeatedWords.csproj", "{38D99658-5D43-423B-9D9B-327CD0117755}"
EndProject
Project("{FAE04EC0-301F-11D3-BF4B-00C04F79EFBC}") = "TestTCS", "..\TestTCS\TestTCS.csproj", "{86D9B9D6-FCF8-4020-A927-7EF185D4980E}"
EndProject
Global
	GlobalSection(SolutionConfigurationPlatforms) = preSolution
		Debug|Any CPU = Debug|Any CPU
		Release|Any CPU = Release|Any CPU
	EndGlobalSection
	GlobalSection(ProjectConfigurationPlatforms) = postSolution
		{38D99658-5D43-423B-9D9B-327CD0117755}.Debug|Any CPU.ActiveCfg = Debug|Any CPU
		{38D99658-5D43-423B-9D9B-327CD0117755}.Debug|Any CPU.Build.0 = Debug|Any CPU
		{38D99658-5D43-423B-9D9B-327CD0117755}.Release|Any CPU.ActiveCfg = Release|Any CPU
		{38D99658-5D43-423B-9D9B-327CD0117755}.Release|Any CPU.Build.0 = Release|Any CPU
		{86D9B9D6-FCF8-4020-A927-7EF185D4980E}.Debug|Any CPU.ActiveCfg = Debug|Any CPU
		{86D9B9D6-FCF8-4020-A927-7EF185D4980E}.Debug|Any CPU.Build.0 = Debug|Any CPU
		{86D9B9D6-FCF8-4020-A927-7EF185D4980E}.Release|Any CPU.ActiveCfg = Release|Any CPU
		{86D9B9D6-FCF8-4020-A927-7EF185D4980E}.Release|Any CPU.Build.0 = Release|Any CPU
	EndGlobalSection
	GlobalSection(SolutionProperties) = preSolution
		HideSolutionNode = FALSE
	EndGlobalSection
	GlobalSection(ExtensibilityGlobals) = postSolution
		SolutionGuid = {4FBE3C49-B1F4-4BEB-9932-98A54B37F0EA}
	EndGlobalSection
EndGlobal
